{
  "version": 4,
  "terraform_version": "1.14.6",
  "serial": 3,
  "lineage": "84ab5664-afef-4228-55f7-3b55a5d97c88",
  "outputs": {},
  "resources": [
    {
      "mode": "managed",
      "type": "aws_key_pair",
      "name": "my_key_pair",
      "provider": "provider[\"registry.terraform.io/hashicorp/aws\"]",
      "instances": [
        {
          "schema_version": 1,
          "attributes": {
            "arn": "arn:aws:ec2:us-east-1:787156389587:key-pair/vadKP",
            "fingerprint": "d9:48:60:53:da:41:29:0c:c7:f2:8e:26:76:29:79:98",
            "id": "vadKP",
            "key_name": "vadKP",
            "key_name_prefix": "",
            "key_pair_id": "key-06600b61775351dbd",
            "public_key": "ssh-rsa AAAAB3NzaC1yc2EAAAADAQABAAABAQCuvnfLDdm5d0EgW0zYIRiDOfvhLQ7Dzquis6MjG/pIhVRAO0NG9mDimx09cgLNtb0++EQR7KdxPMtZPVJMHHG3A5eEKuF6LmxM5awIS2/8deUFRx2r/8Px9C1MRo3ALT+5U+8MqCqJkc+0WjyTTd3zpjSvugUViS1f8ZzxPY2okVXdHk0Q+n6odh4Lteu4TZ5pQ9jvN2AkzQZkdyTlhTRqNvrlZWWSCij3mx1broCHbiQKe2Sm0Q0n1WB7oROoOmIeMbbAfAjgeEMiVneXSfHD3p7cU4qEqMRrcy9q961xIodUzlPI4vJKGoT/L8tN5yp4NEQiu0sojS0QaR0L3ogV vadim@vadim-Virtual-Machine",
            "tags": null,
            "tags_all": {}
          },
          "sensitive_attributes": [],
          "identity_schema_version": 0,
          "private": "eyJzY2hlbWFfdmVyc2lvbiI6IjEifQ=="
        }
      ]
    }
  ],
  "check_results": null
}
