{
  "version": 4,
  "terraform_version": "1.14.6",
  "serial": 6,
  "lineage": "2c2763bd-d261-5cf6-e2b7-2ffd8fa8dc06",
  "outputs": {
    "security_group_id": {
      "value": "sg-00a22cfb3feeb7fbc",
      "type": "string"
    }
  },
  "resources": [
    {
      "mode": "managed",
      "type": "aws_security_group",
      "name": "state_exercise",
      "provider": "provider[\"registry.terraform.io/hashicorp/aws\"]",
      "instances": [
        {
          "schema_version": 1,
          "attributes": {
            "arn": "arn:aws:ec2:us-east-1:787156389587:security-group/sg-00a22cfb3feeb7fbc",
            "description": "A resource to practice state commands",
            "egress": [],
            "id": "sg-00a22cfb3feeb7fbc",
            "ingress": [
              {
                "cidr_blocks": [
                  "0.0.0.0/0"
                ],
                "description": "",
                "from_port": 80,
                "ipv6_cidr_blocks": [],
                "prefix_list_ids": [],
                "protocol": "tcp",
                "security_groups": [],
                "self": false,
                "to_port": 80
              }
            ],
            "name": "terraform-state-demo",
            "name_prefix": "",
            "owner_id": "787156389587",
            "revoke_rules_on_delete": false,
            "tags": {
              "Name": "StateDemo"
            },
            "tags_all": {
              "Name": "StateDemo"
            },
            "timeouts": null,
            "vpc_id": "vpc-00a4ba2c4fa7f9ae1"
          },
          "sensitive_attributes": [],
          "identity_schema_version": 0,
          "private": "eyJlMmJmYjczMC1lY2FhLTExZTYtOGY4OC0zNDM2M2JjN2M0YzAiOnsiY3JlYXRlIjo2MDAwMDAwMDAwMDAsImRlbGV0ZSI6OTAwMDAwMDAwMDAwfSwic2NoZW1hX3ZlcnNpb24iOiIxIn0=",
          "dependencies": [
            "aws_vpc.main"
          ]
        }
      ]
    },
    {
      "mode": "managed",
      "type": "aws_vpc",
      "name": "main",
      "provider": "provider[\"registry.terraform.io/hashicorp/aws\"]",
      "instances": [
        {
          "schema_version": 1,
          "attributes": {
            "arn": "arn:aws:ec2:us-east-1:787156389587:vpc/vpc-00a4ba2c4fa7f9ae1",
            "assign_generated_ipv6_cidr_block": false,
            "cidr_block": "10.0.0.0/16",
            "default_network_acl_id": "acl-0a545069c68cfc471",
            "default_route_table_id": "rtb-05caa90081ed86421",
            "default_security_group_id": "sg-06c5da55548d3f3ae",
            "dhcp_options_id": "dopt-0fdcc14d75e85cd22",
            "enable_dns_hostnames": true,
            "enable_dns_support": true,
            "enable_network_address_usage_metrics": false,
            "id": "vpc-00a4ba2c4fa7f9ae1",
            "instance_tenancy": "default",
            "ipv4_ipam_pool_id": null,
            "ipv4_netmask_length": null,
            "ipv6_association_id": "",
            "ipv6_cidr_block": "",
            "ipv6_cidr_block_network_border_group": "",
            "ipv6_ipam_pool_id": "",
            "ipv6_netmask_length": 0,
            "main_route_table_id": "rtb-05caa90081ed86421",
            "owner_id": "787156389587",
            "tags": {
              "Name": "main-vpc"
            },
            "tags_all": {
              "Name": "main-vpc"
            }
          },
          "sensitive_attributes": [],
          "identity_schema_version": 0,
          "private": "eyJzY2hlbWFfdmVyc2lvbiI6IjEifQ=="
        }
      ]
    }
  ],
  "check_results": null
}
